
Microsoft Visual Studio Solution File, Format Version 12.00
# Visual Studio Version 16
VisualStudioVersion = 16.0.29728.190
MinimumVisualStudioVersion = 10.0.40219.1
Project("{8BC9CEB8-8B4A-11D0-8D11-00A0C91BC942}") = "BOJ_10773", "BOJ_10773\BOJ_10773.vcxproj", "{6391E2C9-02BE-441C-875D-A763E2FB953B}"
EndProject
Global
	GlobalSection(SolutionConfigurationPlatforms) = preSolution
		Debug|x64 = Debug|x64
		Debug|x86 = Debug|x86
		Release|x64 = Release|x64
		Release|x86 = Release|x86
	EndGlobalSection
	GlobalSection(ProjectConfigurationPlatforms) = postSolution
		{6391E2C9-02BE-441C-875D-A763E2FB953B}.Debug|x64.ActiveCfg = Debug|x64
		{6391E2C9-02BE-441C-875D-A763E2FB953B}.Debug|x64.Build.0 = Debug|x64
		{6391E2C9-02BE-441C-875D-A763E2FB953B}.Debug|x86.ActiveCfg = Debug|Win32
		{6391E2C9-02BE-441C-875D-A763E2FB953B}.Debug|x86.Build.0 = Debug|Win32
		{6391E2C9-02BE-441C-875D-A763E2FB953B}.Release|x64.ActiveCfg = Release|x64
		{6391E2C9-02BE-441C-875D-A763E2FB953B}.Release|x64.Build.0 = Release|x64
		{6391E2C9-02BE-441C-875D-A763E2FB953B}.Release|x86.ActiveCfg = Release|Win32
		{6391E2C9-02BE-441C-875D-A763E2FB953B}.Release|x86.Build.0 = Release|Win32
	EndGlobalSection
	GlobalSection(SolutionProperties) = preSolution
		HideSolutionNode = FALSE
	EndGlobalSection
	GlobalSection(ExtensibilityGlobals) = postSolution
		SolutionGuid = {48763DAC-B69D-431E-93FB-0A37814A333E}
	EndGlobalSection
EndGlobal
